// !$*UTF8*$!
{
	archiveVersion = 1;
	classes = {
	};
	objectVersion = 48;
	objects = {

/* Begin PBXBuildFile section */
		55BAD7C01FC8E5EC0028A8B9 /* AppDelegate.swift in Sources */ = {isa = PBXBuildFile; fileRef = 55BAD7BF1FC8E5EC0028A8B9 /* AppDelegate.swift */; };
		55BAD7C21FC8E5EC0028A8B9 /* ViewController.swift in Sources */ = {isa = PBXBuildFile; fileRef = 55BAD7C11FC8E5EC0028A8B9 /* ViewController.swift */; };
		55BAD7C41FC8E5EC0028A8B9 /* Assets.xcassets in Resources */ = {isa = PBXBuildFile; fileRef = 55BAD7C31FC8E5EC0028A8B9 /* Assets.xcassets */; };
		55BAD7C71FC8E5EC0028A8B9 /* Main.storyboard in Resources */ = {isa = PBXBuildFile; fileRef = 55BAD7C51FC8E5EC0028A8B9 /* Main.storyboard */; };
		55BAD7D31FC8E5EC0028A8B9 /* xULinkTests.swift in Sources */ = {isa = PBXBuildFile; fileRef = 55BAD7D21FC8E5EC0028A8B9 /* xULinkTests.swift */; };
		55BAD7DE1FC8E5EC0028A8B9 /* xULinkUITests.swift in Sources */ = {isa = PBXBuildFile; fileRef = 55BAD7DD1FC8E5EC0028A8B9 /* xULinkUITests.swift */; };
		55BAD7F41FC9DA700028A8B9 /* Cocoa.framework in Frameworks */ = {isa = PBXBuildFile; fileRef = 55BAD7F31FC9DA700028A8B9 /* Cocoa.framework */; };
		55BAD7F71FC9DA700028A8B9 /* SourceEditorExtension.swift in Sources */ = {isa = PBXBuildFile; fileRef = 55BAD7F61FC9DA700028A8B9 /* SourceEditorExtension.swift */; };
		55BAD7F91FC9DA700028A8B9 /* SourceEditorCommand.swift in Sources */ = {isa = PBXBuildFile; fileRef = 55BAD7F81FC9DA700028A8B9 /* SourceEditorCommand.swift */; };
		55BAD7FE1FC9DA700028A8B9 /* detectSchemeURL.appex in Embed App Extensions */ = {isa = PBXBuildFile; fileRef = 55BAD7F11FC9DA700028A8B9 /* detectSchemeURL.appex */; settings = {ATTRIBUTES = (RemoveHeadersOnCopy, ); }; };
/* End PBXBuildFile section */

/* Begin PBXContainerItemProxy section */
		55BAD7CF1FC8E5EC0028A8B9 /* PBXContainerItemProxy */ = {
			isa = PBXContainerItemProxy;
			containerPortal = 55BAD7B41FC8E5EC0028A8B9 /* Project object */;
			proxyType = 1;
			remoteGlobalIDString = 55BAD7BB1FC8E5EC0028A8B9;
			remoteInfo = xULink;
		};
		55BAD7DA1FC8E5EC0028A8B9 /* PBXContainerItemProxy */ = {
			isa = PBXContainerItemProxy;
			containerPortal = 55BAD7B41FC8E5EC0028A8B9 /* Project object */;
			proxyType = 1;
			remoteGlobalIDString = 55BAD7BB1FC8E5EC0028A8B9;
			remoteInfo = xULink;
		};
		55BAD7FC1FC9DA700028A8B9 /* PBXContainerItemProxy */ = {
			isa = PBXContainerItemProxy;
			containerPortal = 55BAD7B41FC8E5EC0028A8B9 /* Project object */;
			proxyType = 1;
			remoteGlobalIDString = 55BAD7F01FC9DA700028A8B9;
			remoteInfo = detectSchemeURL;
		};
/* End PBXContainerItemProxy section */

/* Begin PBXCopyFilesBuildPhase section */
		55BAD8021FC9DA700028A8B9 /* Embed App Extensions */ = {
			isa = PBXCopyFilesBuildPhase;
			buildActionMask = 2147483647;
			dstPath = "";
			dstSubfolderSpec = 13;
			files = (
				55BAD7FE1FC9DA700028A8B9 /* detectSchemeURL.appex in Embed App Extensions */,
			);
			name = "Embed App Extensions";
			runOnlyForDeploymentPostprocessing = 0;
		};
/* End PBXCopyFilesBuildPhase section */

/* Begin PBXFileReference section */
		55BAD7BC1FC8E5EC0028A8B9 /* xULink.app */ = {isa = PBXFileReference; explicitFileType = wrapper.application; includeInIndex = 0; path = xULink.app; sourceTree = BUILT_PRODUCTS_DIR; };
		55BAD7BF1FC8E5EC0028A8B9 /* AppDelegate.swift */ = {isa = PBXFileReference; lastKnownFileType = sourcecode.swift; path = AppDelegate.swift; sourceTree = "<group>"; };
		55BAD7C11FC8E5EC0028A8B9 /* ViewController.swift */ = {isa = PBXFileReference; lastKnownFileType = sourcecode.swift; path = ViewController.swift; sourceTree = "<group>"; };
		55BAD7C31FC8E5EC0028A8B9 /* Assets.xcassets */ = {isa = PBXFileReference; lastKnownFileType = folder.assetcatalog; path = Assets.xcassets; sourceTree = "<group>"; };
		55BAD7C61FC8E5EC0028A8B9 /* Base */ = {isa = PBXFileReference; lastKnownFileType = file.storyboard; name = Base; path = Base.lproj/Main.storyboard; sourceTree = "<group>"; };
		55BAD7C81FC8E5EC0028A8B9 /* Info.plist */ = {isa = PBXFileReference; lastKnownFileType = text.plist.xml; path = Info.plist; sourceTree = "<group>"; };
		55BAD7C91FC8E5EC0028A8B9 /* xULink.entitlements */ = {isa = PBXFileReference; lastKnownFileType = text.plist.entitlements; path = xULink.entitlements; sourceTree = "<group>"; };
		55BAD7CE1FC8E5EC0028A8B9 /* xULinkTests.xctest */ = {isa = PBXFileReference; explicitFileType = wrapper.cfbundle; includeInIndex = 0; path = xULinkTests.xctest; sourceTree = BUILT_PRODUCTS_DIR; };
		55BAD7D21FC8E5EC0028A8B9 /* xULinkTests.swift */ = {isa = PBXFileReference; lastKnownFileType = sourcecode.swift; path = xULinkTests.swift; sourceTree = "<group>"; };
		55BAD7D41FC8E5EC0028A8B9 /* Info.plist */ = {isa = PBXFileReference; lastKnownFileType = text.plist.xml; path = Info.plist; sourceTree = "<group>"; };
		55BAD7D91FC8E5EC0028A8B9 /* xULinkUITests.xctest */ = {isa = PBXFileReference; explicitFileType = wrapper.cfbundle; includeInIndex = 0; path = xULinkUITests.xctest; sourceTree = BUILT_PRODUCTS_DIR; };
		55BAD7DD1FC8E5EC0028A8B9 /* xULinkUITests.swift */ = {isa = PBXFileReference; lastKnownFileType = sourcecode.swift; path = xULinkUITests.swift; sourceTree = "<group>"; };
		55BAD7DF1FC8E5EC0028A8B9 /* Info.plist */ = {isa = PBXFileReference; lastKnownFileType = text.plist.xml; path = Info.plist; sourceTree = "<group>"; };
		55BAD7F11FC9DA700028A8B9 /* detectSchemeURL.appex */ = {isa = PBXFileReference; explicitFileType = "wrapper.app-extension"; includeInIndex = 0; path = detectSchemeURL.appex; sourceTree = BUILT_PRODUCTS_DIR; };
		55BAD7F31FC9DA700028A8B9 /* Cocoa.framework */ = {isa = PBXFileReference; lastKnownFileType = wrapper.framework; name = Cocoa.framework; path = System/Library/Frameworks/Cocoa.framework; sourceTree = SDKROOT; };
		55BAD7F61FC9DA700028A8B9 /* SourceEditorExtension.swift */ = {isa = PBXFileReference; lastKnownFileType = sourcecode.swift; path = SourceEditorExtension.swift; sourceTree = "<group>"; };
		55BAD7F81FC9DA700028A8B9 /* SourceEditorCommand.swift */ = {isa = PBXFileReference; lastKnownFileType = sourcecode.swift; path = SourceEditorCommand.swift; sourceTree = "<group>"; };
		55BAD7FA1FC9DA700028A8B9 /* Info.plist */ = {isa = PBXFileReference; lastKnownFileType = text.plist.xml; path = Info.plist; sourceTree = "<group>"; };
		55BAD7FB1FC9DA700028A8B9 /* detectSchemeURL.entitlements */ = {isa = PBXFileReference; lastKnownFileType = text.plist.entitlements; path = detectSchemeURL.entitlements; sourceTree = "<group>"; };
/* End PBXFileReference section */

/* Begin PBXFrameworksBuildPhase section */
		55BAD7B91FC8E5EC0028A8B9 /* Frameworks */ = {
			isa = PBXFrameworksBuildPhase;
			buildActionMask = 2147483647;
			files = (
			);
			runOnlyForDeploymentPostprocessing = 0;
		};
		55BAD7CB1FC8E5EC0028A8B9 /* Frameworks */ = {
			isa = PBXFrameworksBuildPhase;
			buildActionMask = 2147483647;
			files = (
			);
			runOnlyForDeploymentPostprocessing = 0;
		};
		55BAD7D61FC8E5EC0028A8B9 /* Frameworks */ = {
			isa = PBXFrameworksBuildPhase;
			buildActionMask = 2147483647;
			files = (
			);
			runOnlyForDeploymentPostprocessing = 0;
		};
		55BAD7EE1FC9DA700028A8B9 /* Frameworks */ = {
			isa = PBXFrameworksBuildPhase;
			buildActionMask = 2147483647;
			files = (
				55BAD7F41FC9DA700028A8B9 /* Cocoa.framework in Frameworks */,
			);
			runOnlyForDeploymentPostprocessing = 0;
		};
/* End PBXFrameworksBuildPhase section */

/* Begin PBXGroup section */
		55BAD7B31FC8E5EC0028A8B9 = {
			isa = PBXGroup;
			children = (
				55BAD7BE1FC8E5EC0028A8B9 /* xULink */,
				55BAD7D11FC8E5EC0028A8B9 /* xULinkTests */,
				55BAD7DC1FC8E5EC0028A8B9 /* xULinkUITests */,
				55BAD7F51FC9DA700028A8B9 /* detectSchemeURL */,
				55BAD7F21FC9DA700028A8B9 /* Frameworks */,
				55BAD7BD1FC8E5EC0028A8B9 /* Products */,
			);
			sourceTree = "<group>";
		};
		55BAD7BD1FC8E5EC0028A8B9 /* Products */ = {
			isa = PBXGroup;
			children = (
				55BAD7BC1FC8E5EC0028A8B9 /* xULink.app */,
				55BAD7CE1FC8E5EC0028A8B9 /* xULinkTests.xctest */,
				55BAD7D91FC8E5EC0028A8B9 /* xULinkUITests.xctest */,
				55BAD7F11FC9DA700028A8B9 /* detectSchemeURL.appex */,
			);
			name = Products;
			sourceTree = "<group>";
		};
		55BAD7BE1FC8E5EC0028A8B9 /* xULink */ = {
			isa = PBXGroup;
			children = (
				55BAD7BF1FC8E5EC0028A8B9 /* AppDelegate.swift */,
				55BAD7C11FC8E5EC0028A8B9 /* ViewController.swift */,
				55BAD7C31FC8E5EC0028A8B9 /* Assets.xcassets */,
				55BAD7C51FC8E5EC0028A8B9 /* Main.storyboard */,
				55BAD7C81FC8E5EC0028A8B9 /* Info.plist */,
				55BAD7C91FC8E5EC0028A8B9 /* xULink.entitlements */,
			);
			path = xULink;
			sourceTree = "<group>";
		};
		55BAD7D11FC8E5EC0028A8B9 /* xULinkTests */ = {
			isa = PBXGroup;
			children = (
				55BAD7D21FC8E5EC0028A8B9 /* xULinkTests.swift */,
				55BAD7D41FC8E5EC0028A8B9 /* Info.plist */,
			);
			path = xULinkTests;
			sourceTree = "<group>";
		};
		55BAD7DC1FC8E5EC0028A8B9 /* xULinkUITests */ = {
			isa = PBXGroup;
			children = (
				55BAD7DD1FC8E5EC0028A8B9 /* xULinkUITests.swift */,
				55BAD7DF1FC8E5EC0028A8B9 /* Info.plist */,
			);
			path = xULinkUITests;
			sourceTree = "<group>";
		};
		55BAD7F21FC9DA700028A8B9 /* Frameworks */ = {
			isa = PBXGroup;
			children = (
				55BAD7F31FC9DA700028A8B9 /* Cocoa.framework */,
			);
			name = Frameworks;
			sourceTree = "<group>";
		};
		55BAD7F51FC9DA700028A8B9 /* detectSchemeURL */ = {
			isa = PBXGroup;
			children = (
				55BAD7F61FC9DA700028A8B9 /* SourceEditorExtension.swift */,
				55BAD7F81FC9DA700028A8B9 /* SourceEditorCommand.swift */,
				55BAD7FA1FC9DA700028A8B9 /* Info.plist */,
				55BAD7FB1FC9DA700028A8B9 /* detectSchemeURL.entitlements */,
			);
			path = detectSchemeURL;
			sourceTree = "<group>";
		};
/* End PBXGroup section */

/* Begin PBXNativeTarget section */
		55BAD7BB1FC8E5EC0028A8B9 /* xULink */ = {
			isa = PBXNativeTarget;
			buildConfigurationList = 55BAD7E21FC8E5EC0028A8B9 /* Build configuration list for PBXNativeTarget "xULink" */;
			buildPhases = (
				55BAD7B81FC8E5EC0028A8B9 /* Sources */,
				55BAD7B91FC8E5EC0028A8B9 /* Frameworks */,
				55BAD7BA1FC8E5EC0028A8B9 /* Resources */,
				55BAD8021FC9DA700028A8B9 /* Embed App Extensions */,
				55971C411FCC103F00FB6A9F /* ShellScript */,
			);
			buildRules = (
			);
			dependencies = (
				55BAD7FD1FC9DA700028A8B9 /* PBXTargetDependency */,
			);
			name = xULink;
			productName = xULink;
			productReference = 55BAD7BC1FC8E5EC0028A8B9 /* xULink.app */;
			productType = "com.apple.product-type.application";
		};
		55BAD7CD1FC8E5EC0028A8B9 /* xULinkTests */ = {
			isa = PBXNativeTarget;
			buildConfigurationList = 55BAD7E51FC8E5EC0028A8B9 /* Build configuration list for PBXNativeTarget "xULinkTests" */;
			buildPhases = (
				55BAD7CA1FC8E5EC0028A8B9 /* Sources */,
				55BAD7CB1FC8E5EC0028A8B9 /* Frameworks */,
				55BAD7CC1FC8E5EC0028A8B9 /* Resources */,
			);
			buildRules = (
			);
			dependencies = (
				55BAD7D01FC8E5EC0028A8B9 /* PBXTargetDependency */,
			);
			name = xULinkTests;
			productName = xULinkTests;
			productReference = 55BAD7CE1FC8E5EC0028A8B9 /* xULinkTests.xctest */;
			productType = "com.apple.product-type.bundle.unit-test";
		};
		55BAD7D81FC8E5EC0028A8B9 /* xULinkUITests */ = {
			isa = PBXNativeTarget;
			buildConfigurationList = 55BAD7E81FC8E5EC0028A8B9 /* Build configuration list for PBXNativeTarget "xULinkUITests" */;
			buildPhases = (
				55BAD7D51FC8E5EC0028A8B9 /* Sources */,
				55BAD7D61FC8E5EC0028A8B9 /* Frameworks */,
				55BAD7D71FC8E5EC0028A8B9 /* Resources */,
			);
			buildRules = (
			);
			dependencies = (
				55BAD7DB1FC8E5EC0028A8B9 /* PBXTargetDependency */,
			);
			name = xULinkUITests;
			productName = xULinkUITests;
			productReference = 55BAD7D91FC8E5EC0028A8B9 /* xULinkUITests.xctest */;
			productType = "com.apple.product-type.bundle.ui-testing";
		};
		55BAD7F01FC9DA700028A8B9 /* detectSchemeURL */ = {
			isa = PBXNativeTarget;
			buildConfigurationList = 55BAD8011FC9DA700028A8B9 /* Build configuration list for PBXNativeTarget "detectSchemeURL" */;
			buildPhases = (
				55BAD7ED1FC9DA700028A8B9 /* Sources */,
				55BAD7EE1FC9DA700028A8B9 /* Frameworks */,
				55BAD7EF1FC9DA700028A8B9 /* Resources */,
			);
			buildRules = (
			);
			dependencies = (
			);
			name = detectSchemeURL;
			productName = detectSchemeURL;
			productReference = 55BAD7F11FC9DA700028A8B9 /* detectSchemeURL.appex */;
			productType = "com.apple.product-type.xcode-extension";
		};
/* End PBXNativeTarget section */

/* Begin PBXProject section */
		55BAD7B41FC8E5EC0028A8B9 /* Project object */ = {
			isa = PBXProject;
			attributes = {
				LastSwiftUpdateCheck = 0910;
				LastUpgradeCheck = 0910;
				ORGANIZATIONNAME = "Niraj Kadam";
				TargetAttributes = {
					55BAD7BB1FC8E5EC0028A8B9 = {
						CreatedOnToolsVersion = 9.1;
						ProvisioningStyle = Automatic;
						SystemCapabilities = {
							com.apple.Sandbox = {
								enabled = 0;
							};
						};
					};
					55BAD7CD1FC8E5EC0028A8B9 = {
						CreatedOnToolsVersion = 9.1;
						ProvisioningStyle = Automatic;
						TestTargetID = 55BAD7BB1FC8E5EC0028A8B9;
					};
					55BAD7D81FC8E5EC0028A8B9 = {
						CreatedOnToolsVersion = 9.1;
						ProvisioningStyle = Automatic;
						TestTargetID = 55BAD7BB1FC8E5EC0028A8B9;
					};
					55BAD7F01FC9DA700028A8B9 = {
						CreatedOnToolsVersion = 9.1;
						ProvisioningStyle = Automatic;
					};
				};
			};
			buildConfigurationList = 55BAD7B71FC8E5EC0028A8B9 /* Build configuration list for PBXProject "xULink" */;
			compatibilityVersion = "Xcode 8.0";
			developmentRegion = en;
			hasScannedForEncodings = 0;
			knownRegions = (
				en,
				Base,
			);
			mainGroup = 55BAD7B31FC8E5EC0028A8B9;
			productRefGroup = 55BAD7BD1FC8E5EC0028A8B9 /* Products */;
			projectDirPath = "";
			projectRoot = "";
			targets = (
				55BAD7BB1FC8E5EC0028A8B9 /* xULink */,
				55BAD7CD1FC8E5EC0028A8B9 /* xULinkTests */,
				55BAD7D81FC8E5EC0028A8B9 /* xULinkUITests */,
				55BAD7F01FC9DA700028A8B9 /* detectSchemeURL */,
			);
		};
/* End PBXProject section */

/* Begin PBXResourcesBuildPhase section */
		55BAD7BA1FC8E5EC0028A8B9 /* Resources */ = {
			isa = PBXResourcesBuildPhase;
			buildActionMask = 2147483647;
			files = (
				55BAD7C41FC8E5EC0028A8B9 /* Assets.xcassets in Resources */,
				55BAD7C71FC8E5EC0028A8B9 /* Main.storyboard in Resources */,
			);
			runOnlyForDeploymentPostprocessing = 0;
		};
		55BAD7CC1FC8E5EC0028A8B9 /* Resources */ = {
			isa = PBXResourcesBuildPhase;
			buildActionMask = 2147483647;
			files = (
			);
			runOnlyForDeploymentPostprocessing = 0;
		};
		55BAD7D71FC8E5EC0028A8B9 /* Resources */ = {
			isa = PBXResourcesBuildPhase;
			buildActionMask = 2147483647;
			files = (
			);
			runOnlyForDeploymentPostprocessing = 0;
		};
		55BAD7EF1FC9DA700028A8B9 /* Resources */ = {
			isa = PBXResourcesBuildPhase;
			buildActionMask = 2147483647;
			files = (
			);
			runOnlyForDeploymentPostprocessing = 0;
		};
/* End PBXResourcesBuildPhase section */

/* Begin PBXShellScriptBuildPhase section */
		55971C411FCC103F00FB6A9F /* ShellScript */ = {
			isa = PBXShellScriptBuildPhase;
			buildActionMask = 2147483647;
			files = (
			);
			inputPaths = (
			);
			outputPaths = (
			);
			runOnlyForDeploymentPostprocessing = 0;
			shellPath = /bin/sh;
			shellScript = "TAGS=\"TODO:|FIXME:\"\necho \"searching ${SRCROOT} for ${TAGS}\"\nfind \"${SRCROOT}\" \\( -name \"*.h\" -or -name \"*.m\" \\) -print0 | xargs -0 egrep --with-filename --line-number --only-matching \"($TAGS).*\\$\" | perl -p -e \"s/($TAGS)/ warning: \\$1/\"";
		};
/* End PBXShellScriptBuildPhase section */

/* Begin PBXSourcesBuildPhase section */
		55BAD7B81FC8E5EC0028A8B9 /* Sources */ = {
			isa = PBXSourcesBuildPhase;
			buildActionMask = 2147483647;
			files = (
				55BAD7C21FC8E5EC0028A8B9 /* ViewController.swift in Sources */,
				55BAD7C01FC8E5EC0028A8B9 /* AppDelegate.swift in Sources */,
			);
			runOnlyForDeploymentPostprocessing = 0;
		};
		55BAD7CA1FC8E5EC0028A8B9 /* Sources */ = {
			isa = PBXSourcesBuildPhase;
			buildActionMask = 2147483647;
			files = (
				55BAD7D31FC8E5EC0028A8B9 /* xULinkTests.swift in Sources */,
			);
			runOnlyForDeploymentPostprocessing = 0;
		};
		55BAD7D51FC8E5EC0028A8B9 /* Sources */ = {
			isa = PBXSourcesBuildPhase;
			buildActionMask = 2147483647;
			files = (
				55BAD7DE1FC8E5EC0028A8B9 /* xULinkUITests.swift in Sources */,
			);
			runOnlyForDeploymentPostprocessing = 0;
		};
		55BAD7ED1FC9DA700028A8B9 /* Sources */ = {
			isa = PBXSourcesBuildPhase;
			buildActionMask = 2147483647;
			files = (
				55BAD7F71FC9DA700028A8B9 /* SourceEditorExtension.swift in Sources */,
				55BAD7F91FC9DA700028A8B9 /* SourceEditorCommand.swift in Sources */,
			);
			runOnlyForDeploymentPostprocessing = 0;
		};
/* End PBXSourcesBuildPhase section */

/* Begin PBXTargetDependency section */
		55BAD7D01FC8E5EC0028A8B9 /* PBXTargetDependency */ = {
			isa = PBXTargetDependency;
			target = 55BAD7BB1FC8E5EC0028A8B9 /* xULink */;
			targetProxy = 55BAD7CF1FC8E5EC0028A8B9 /* PBXContainerItemProxy */;
		};
		55BAD7DB1FC8E5EC0028A8B9 /* PBXTargetDependency */ = {
			isa = PBXTargetDependency;
			target = 55BAD7BB1FC8E5EC0028A8B9 /* xULink */;
			targetProxy = 55BAD7DA1FC8E5EC0028A8B9 /* PBXContainerItemProxy */;
		};
		55BAD7FD1FC9DA700028A8B9 /* PBXTargetDependency */ = {
			isa = PBXTargetDependency;
			target = 55BAD7F01FC9DA700028A8B9 /* detectSchemeURL */;
			targetProxy = 55BAD7FC1FC9DA700028A8B9 /* PBXContainerItemProxy */;
		};
/* End PBXTargetDependency section */

/* Begin PBXVariantGroup section */
		55BAD7C51FC8E5EC0028A8B9 /* Main.storyboard */ = {
			isa = PBXVariantGroup;
			children = (
				55BAD7C61FC8E5EC0028A8B9 /* Base */,
			);
			name = Main.storyboard;
			sourceTree = "<group>";
		};
/* End PBXVariantGroup section */

/* Begin XCBuildConfiguration section */
		55BAD7E01FC8E5EC0028A8B9 /* Debug */ = {
			isa = XCBuildConfiguration;
			buildSettings = {
				ALWAYS_SEARCH_USER_PATHS = NO;
				CLANG_ANALYZER_NONNULL = YES;
				CLANG_ANALYZER_NUMBER_OBJECT_CONVERSION = YES_AGGRESSIVE;
				CLANG_CXX_LANGUAGE_STANDARD = "gnu++14";
				CLANG_CXX_LIBRARY = "libc++";
				CLANG_ENABLE_MODULES = YES;
				CLANG_ENABLE_OBJC_ARC = YES;
				CLANG_WARN_BLOCK_CAPTURE_AUTORELEASING = YES;
				CLANG_WARN_BOOL_CONVERSION = YES;
				CLANG_WARN_COMMA = YES;
				CLANG_WARN_CONSTANT_CONVERSION = YES;
				CLANG_WARN_DIRECT_OBJC_ISA_USAGE = YES_ERROR;
				CLANG_WARN_DOCUMENTATION_COMMENTS = YES;
				CLANG_WARN_EMPTY_BODY = YES;
				CLANG_WARN_ENUM_CONVERSION = YES;
				CLANG_WARN_INFINITE_RECURSION = YES;
				CLANG_WARN_INT_CONVERSION = YES;
				CLANG_WARN_NON_LITERAL_NULL_CONVERSION = YES;
				CLANG_WARN_OBJC_LITERAL_CONVERSION = YES;
				CLANG_WARN_OBJC_ROOT_CLASS = YES_ERROR;
				CLANG_WARN_RANGE_LOOP_ANALYSIS = YES;
				CLANG_WARN_STRICT_PROTOTYPES = YES;
				CLANG_WARN_SUSPICIOUS_MOVE = YES;
				CLANG_WARN_UNGUARDED_AVAILABILITY = YES_AGGRESSIVE;
				CLANG_WARN_UNREACHABLE_CODE = YES;
				CLANG_WARN__DUPLICATE_METHOD_MATCH = YES;
				CODE_SIGN_IDENTITY = "Mac Developer";
				COPY_PHASE_STRIP = NO;
				DEBUG_INFORMATION_FORMAT = dwarf;
				ENABLE_STRICT_OBJC_MSGSEND = YES;
				ENABLE_TESTABILITY = YES;
				GCC_C_LANGUAGE_STANDARD = gnu11;
				GCC_DYNAMIC_NO_PIC = NO;
				GCC_NO_COMMON_BLOCKS = YES;
				GCC_OPTIMIZATION_LEVEL = 0;
				GCC_PREPROCESSOR_DEFINITIONS = (
					"DEBUG=1",
					"$(inherited)",
				);
				GCC_WARN_64_TO_32_BIT_CONVERSION = YES;
				GCC_WARN_ABOUT_RETURN_TYPE = YES_ERROR;
				GCC_WARN_UNDECLARED_SELECTOR = YES;
				GCC_WARN_UNINITIALIZED_AUTOS = YES_AGGRESSIVE;
				GCC_WARN_UNUSED_FUNCTION = YES;
				GCC_WARN_UNUSED_VARIABLE = YES;
				MACOSX_DEPLOYMENT_TARGET = 10.13;
				MTL_ENABLE_DEBUG_INFO = YES;
				ONLY_ACTIVE_ARCH = YES;
				SDKROOT = macosx;
				SWIFT_ACTIVE_COMPILATION_CONDITIONS = DEBUG;
				SWIFT_OPTIMIZATION_LEVEL = "-Onone";
			};
			name = Debug;
		};
		55BAD7E11FC8E5EC0028A8B9 /* Release */ = {
			isa = XCBuildConfiguration;
			buildSettings = {
				ALWAYS_SEARCH_USER_PATHS = NO;
				CLANG_ANALYZER_NONNULL = YES;
				CLANG_ANALYZER_NUMBER_OBJECT_CONVERSION = YES_AGGRESSIVE;
				CLANG_CXX_LANGUAGE_STANDARD = "gnu++14";
				CLANG_CXX_LIBRARY = "libc++";
				CLANG_ENABLE_MODULES = YES;
				CLANG_ENABLE_OBJC_ARC = YES;
				CLANG_WARN_BLOCK_CAPTURE_AUTORELEASING = YES;
				CLANG_WARN_BOOL_CONVERSION = YES;
				CLANG_WARN_COMMA = YES;
				CLANG_WARN_CONSTANT_CONVERSION = YES;
				CLANG_WARN_DIRECT_OBJC_ISA_USAGE = YES_ERROR;
				CLANG_WARN_DOCUMENTATION_COMMENTS = YES;
				CLANG_WARN_EMPTY_BODY = YES;
				CLANG_WARN_ENUM_CONVERSION = YES;
				CLANG_WARN_INFINITE_RECURSION = YES;
				CLANG_WARN_INT_CONVERSION = YES;
				CLANG_WARN_NON_LITERAL_NULL_CONVERSION = YES;
				CLANG_WARN_OBJC_LITERAL_CONVERSION = YES;
				CLANG_WARN_OBJC_ROOT_CLASS = YES_ERROR;
				CLANG_WARN_RANGE_LOOP_ANALYSIS = YES;
				CLANG_WARN_STRICT_PROTOTYPES = YES;
				CLANG_WARN_SUSPICIOUS_MOVE = YES;
				CLANG_WARN_UNGUARDED_AVAILABILITY = YES_AGGRESSIVE;
				CLANG_WARN_UNREACHABLE_CODE = YES;
				CLANG_WARN__DUPLICATE_METHOD_MATCH = YES;
				CODE_SIGN_IDENTITY = "Mac Developer";
				COPY_PHASE_STRIP = NO;
				DEBUG_INFORMATION_FORMAT = "dwarf-with-dsym";
				ENABLE_NS_ASSERTIONS = NO;
				ENABLE_STRICT_OBJC_MSGSEND = YES;
				GCC_C_LANGUAGE_STANDARD = gnu11;
				GCC_NO_COMMON_BLOCKS = YES;
				GCC_WARN_64_TO_32_BIT_CONVERSION = YES;
				GCC_WARN_ABOUT_RETURN_TYPE = YES_ERROR;
				GCC_WARN_UNDECLARED_SELECTOR = YES;
				GCC_WARN_UNINITIALIZED_AUTOS = YES_AGGRESSIVE;
				GCC_WARN_UNUSED_FUNCTION = YES;
				GCC_WARN_UNUSED_VARIABLE = YES;
				MACOSX_DEPLOYMENT_TARGET = 10.13;
				MTL_ENABLE_DEBUG_INFO = NO;
				SDKROOT = macosx;
				SWIFT_OPTIMIZATION_LEVEL = "-Owholemodule";
			};
			name = Release;
		};
		55BAD7E31FC8E5EC0028A8B9 /* Debug */ = {
			isa = XCBuildConfiguration;
			buildSettings = {
				ALWAYS_EMBED_SWIFT_STANDARD_LIBRARIES = YES;
				ASSETCATALOG_COMPILER_APPICON_NAME = AppIcon;
				CODE_SIGN_STYLE = Automatic;
				COMBINE_HIDPI_IMAGES = YES;
				DEVELOPMENT_TEAM = VA7H8JLKSX;
				INFOPLIST_FILE = xULink/Info.plist;
				LD_RUNPATH_SEARCH_PATHS = "$(inherited) @executable_path/../Frameworks";
				PRODUCT_BUNDLE_IDENTIFIER = com.nirajkadam.xULink;
				PRODUCT_NAME = "$(TARGET_NAME)";
				SWIFT_VERSION = 4.0;
			};
			name = Debug;
		};
		55BAD7E41FC8E5EC0028A8B9 /* Release */ = {
			isa = XCBuildConfiguration;
			buildSettings = {
				ALWAYS_EMBED_SWIFT_STANDARD_LIBRARIES = YES;
				ASSETCATALOG_COMPILER_APPICON_NAME = AppIcon;
				CODE_SIGN_STYLE = Automatic;
				COMBINE_HIDPI_IMAGES = YES;
				DEVELOPMENT_TEAM = VA7H8JLKSX;
				INFOPLIST_FILE = xULink/Info.plist;
				LD_RUNPATH_SEARCH_PATHS = "$(inherited) @executable_path/../Frameworks";
				PRODUCT_BUNDLE_IDENTIFIER = com.nirajkadam.xULink;
				PRODUCT_NAME = "$(TARGET_NAME)";
				SWIFT_VERSION = 4.0;
			};
			name = Release;
		};
		55BAD7E61FC8E5EC0028A8B9 /* Debug */ = {
			isa = XCBuildConfiguration;
			buildSettings = {
				ALWAYS_EMBED_SWIFT_STANDARD_LIBRARIES = YES;
				BUNDLE_LOADER = "$(TEST_HOST)";
				CODE_SIGN_STYLE = Automatic;
				COMBINE_HIDPI_IMAGES = YES;
				DEVELOPMENT_TEAM = VA7H8JLKSX;
				INFOPLIST_FILE = xULinkTests/Info.plist;
				LD_RUNPATH_SEARCH_PATHS = "$(inherited) @executable_path/../Frameworks @loader_path/../Frameworks";
				PRODUCT_BUNDLE_IDENTIFIER = com.nirajkadam.xULinkTests;
				PRODUCT_NAME = "$(TARGET_NAME)";
				SWIFT_VERSION = 4.0;
				TEST_HOST = "$(BUILT_PRODUCTS_DIR)/xULink.app/Contents/MacOS/xULink";
			};
			name = Debug;
		};
		55BAD7E71FC8E5EC0028A8B9 /* Release */ = {
			isa = XCBuildConfiguration;
			buildSettings = {
				ALWAYS_EMBED_SWIFT_STANDARD_LIBRARIES = YES;
				BUNDLE_LOADER = "$(TEST_HOST)";
				CODE_SIGN_STYLE = Automatic;
				COMBINE_HIDPI_IMAGES = YES;
				DEVELOPMENT_TEAM = VA7H8JLKSX;
				INFOPLIST_FILE = xULinkTests/Info.plist;
				LD_RUNPATH_SEARCH_PATHS = "$(inherited) @executable_path/../Frameworks @loader_path/../Frameworks";
				PRODUCT_BUNDLE_IDENTIFIER = com.nirajkadam.xULinkTests;
				PRODUCT_NAME = "$(TARGET_NAME)";
				SWIFT_VERSION = 4.0;
				TEST_HOST = "$(BUILT_PRODUCTS_DIR)/xULink.app/Contents/MacOS/xULink";
			};
			name = Release;
		};
		55BAD7E91FC8E5EC0028A8B9 /* Debug */ = {
			isa = XCBuildConfiguration;
			buildSettings = {
				ALWAYS_EMBED_SWIFT_STANDARD_LIBRARIES = YES;
				CODE_SIGN_STYLE = Automatic;
				COMBINE_HIDPI_IMAGES = YES;
				DEVELOPMENT_TEAM = VA7H8JLKSX;
				INFOPLIST_FILE = xULinkUITests/Info.plist;
				LD_RUNPATH_SEARCH_PATHS = "$(inherited) @executable_path/../Frameworks @loader_path/../Frameworks";
				PRODUCT_BUNDLE_IDENTIFIER = com.nirajkadam.xULinkUITests;
				PRODUCT_NAME = "$(TARGET_NAME)";
				SWIFT_VERSION = 4.0;
				TEST_TARGET_NAME = xULink;
			};
			name = Debug;
		};
		55BAD7EA1FC8E5EC0028A8B9 /* Release */ = {
			isa = XCBuildConfiguration;
			buildSettings = {
				ALWAYS_EMBED_SWIFT_STANDARD_LIBRARIES = YES;
				CODE_SIGN_STYLE = Automatic;
				COMBINE_HIDPI_IMAGES = YES;
				DEVELOPMENT_TEAM = VA7H8JLKSX;
				INFOPLIST_FILE = xULinkUITests/Info.plist;
				LD_RUNPATH_SEARCH_PATHS = "$(inherited) @executable_path/../Frameworks @loader_path/../Frameworks";
				PRODUCT_BUNDLE_IDENTIFIER = com.nirajkadam.xULinkUITests;
				PRODUCT_NAME = "$(TARGET_NAME)";
				SWIFT_VERSION = 4.0;
				TEST_TARGET_NAME = xULink;
			};
			name = Release;
		};
		55BAD7FF1FC9DA700028A8B9 /* Debug */ = {
			isa = XCBuildConfiguration;
			buildSettings = {
				CODE_SIGN_ENTITLEMENTS = detectSchemeURL/detectSchemeURL.entitlements;
				CODE_SIGN_STYLE = Automatic;
				COMBINE_HIDPI_IMAGES = YES;
				DEVELOPMENT_TEAM = VA7H8JLKSX;
				INFOPLIST_FILE = detectSchemeURL/Info.plist;
				LD_RUNPATH_SEARCH_PATHS = "$(inherited) @executable_path/../Frameworks @executable_path/../../../../Frameworks";
				PRODUCT_BUNDLE_IDENTIFIER = com.nirajkadam.xULink.detectSchemeURL;
				PRODUCT_NAME = "$(TARGET_NAME)";
				SKIP_INSTALL = YES;
				SWIFT_VERSION = 4.0;
			};
			name = Debug;
		};
		55BAD8001FC9DA700028A8B9 /* Release */ = {
			isa = XCBuildConfiguration;
			buildSettings = {
				CODE_SIGN_ENTITLEMENTS = detectSchemeURL/detectSchemeURL.entitlements;
				CODE_SIGN_STYLE = Automatic;
				COMBINE_HIDPI_IMAGES = YES;
				DEVELOPMENT_TEAM = VA7H8JLKSX;
				INFOPLIST_FILE = detectSchemeURL/Info.plist;
				LD_RUNPATH_SEARCH_PATHS = "$(inherited) @executable_path/../Frameworks @executable_path/../../../../Frameworks";
				PRODUCT_BUNDLE_IDENTIFIER = com.nirajkadam.xULink.detectSchemeURL;
				PRODUCT_NAME = "$(TARGET_NAME)";
				SKIP_INSTALL = YES;
				SWIFT_VERSION = 4.0;
			};
			name = Release;
		};
/* End XCBuildConfiguration section */

/* Begin XCConfigurationList section */
		55BAD7B71FC8E5EC0028A8B9 /* Build configuration list for PBXProject "xULink" */ = {
			isa = XCConfigurationList;
			buildConfigurations = (
				55BAD7E01FC8E5EC0028A8B9 /* Debug */,
				55BAD7E11FC8E5EC0028A8B9 /* Release */,
			);
			defaultConfigurationIsVisible = 0;
			defaultConfigurationName = Release;
		};
		55BAD7E21FC8E5EC0028A8B9 /* Build configuration list for PBXNativeTarget "xULink" */ = {
			isa = XCConfigurationList;
			buildConfigurations = (
				55BAD7E31FC8E5EC0028A8B9 /* Debug */,
				55BAD7E41FC8E5EC0028A8B9 /* Release */,
			);
			defaultConfigurationIsVisible = 0;
			defaultConfigurationName = Release;
		};
		55BAD7E51FC8E5EC0028A8B9 /* Build configuration list for PBXNativeTarget "xULinkTests" */ = {
			isa = XCConfigurationList;
			buildConfigurations = (
				55BAD7E61FC8E5EC0028A8B9 /* Debug */,
				55BAD7E71FC8E5EC0028A8B9 /* Release */,
			);
			defaultConfigurationIsVisible = 0;
			defaultConfigurationName = Release;
		};
		55BAD7E81FC8E5EC0028A8B9 /* Build configuration list for PBXNativeTarget "xULinkUITests" */ = {
			isa = XCConfigurationList;
			buildConfigurations = (
				55BAD7E91FC8E5EC0028A8B9 /* Debug */,
				55BAD7EA1FC8E5EC0028A8B9 /* Release */,
			);
			defaultConfigurationIsVisible = 0;
			defaultConfigurationName = Release;
		};
		55BAD8011FC9DA700028A8B9 /* Build configuration list for PBXNativeTarget "detectSchemeURL" */ = {
			isa = XCConfigurationList;
			buildConfigurations = (
				55BAD7FF1FC9DA700028A8B9 /* Debug */,
				55BAD8001FC9DA700028A8B9 /* Release */,
			);
			defaultConfigurationIsVisible = 0;
			defaultConfigurationName = Release;
		};
/* End XCConfigurationList section */
	};
	rootObject = 55BAD7B41FC8E5EC0028A8B9 /* Project object */;
}
